dependencies:
- name: cb-spider
  repository: ""
  version: 0.9.2
- name: cb-tumblebug
  repository: ""
  version: 0.9.7
- name: cm-beetle
  repository: ""
  version: 0.2.0
digest: sha256:49df2ca4542c9fc96d8f0c44b7f82bcd0c005462ac8d89f1f06aa537e2c298b2
generated: "2024-09-03T13:41:10.325513571+09:00"
