dependencies:
- name: cb-spider
  repository: ""
  version: 0.9.2
- name: cb-tumblebug
  repository: ""
  version: 0.9.7
- name: cm-beetle
  repository: ""
  version: 0.2.0
- name: cm-honeybee
  repository: ""
  version: 0.2.1
- name: cm-cicada
  repository: ""
  version: 0.2.0
- name: cm-grasshopper
  repository: ""
  version: 0.2.0
- name: cm-ant
  repository: ""
  version: 0.2.2
digest: sha256:3da5a97bd3de0732d89a4d37b42ac033d0c35e4802e3709af93b104ca96e783f
generated: "2024-09-04T14:43:46.222277075+09:00"
